{
  "name": "@bit/bit.envs.common.create-workspace",
  "version": "0.0.12",
  "lockfileVersion": 1,
  "requires": true,
  "dependencies": {
    "@types/node": {
      "version": "12.20.11",
      "resolved": "https://registry.npmjs.org/@types/node/-/node-12.20.11.tgz",
      "integrity": "sha512-gema+apZ6qLQK7k7F0dGkGCWQYsL0qqKORWOQO6tq46q+x+1C0vbOiOqOwRVlh4RAdbQwV/j/ryr3u5NOG1fPQ==",
      "dev": true
    },
    "minimist": {
      "version": "0.0.8",
      "resolved": "https://registry.npmjs.org/minimist/-/minimist-0.0.8.tgz",
      "integrity": "sha1-hX/Kv8M5fSYluCKCYuhqp6ARsF0="
    },
    "mkdirp": {
      "version": "0.5.1",
      "resolved": "https://registry.npmjs.org/mkdirp/-/mkdirp-0.5.1.tgz",
      "integrity": "sha1-MAV0OOrGz3+MR2fzhkjWaX11yQM=",
      "requires": {
        "minimist": "0.0.8"
      }
    }
  }
}
