{
  "name": "@bit/bit.envs.common.get-capsule-name",
  "version": "0.0.14",
  "lockfileVersion": 1,
  "requires": true,
  "dependencies": {
    "@types/node": {
      "version": "12.20.11",
      "resolved": "https://registry.npmjs.org/@types/node/-/node-12.20.11.tgz",
      "integrity": "sha512-gema+apZ6qLQK7k7F0dGkGCWQYsL0qqKORWOQO6tq46q+x+1C0vbOiOqOwRVlh4RAdbQwV/j/ryr3u5NOG1fPQ==",
      "dev": true
    }
  }
}
